
Microsoft Visual Studio Solution File, Format Version 12.00
# Visual Studio 15
VisualStudioVersion = 15.0.27130.2010
MinimumVisualStudioVersion = 10.0.40219.1
Project("{FAE04EC0-301F-11D3-BF4B-00C04F79EFBC}") = "BeerRatings", "BeerRatings\BeerRatings.csproj", "{DFD63D41-447E-4984-AA50-A1DF9B22D02A}"
EndProject
Global
	GlobalSection(SolutionConfigurationPlatforms) = preSolution
		Debug|Any CPU = Debug|Any CPU
		Release|Any CPU = Release|Any CPU
	EndGlobalSection
	GlobalSection(ProjectConfigurationPlatforms) = postSolution
		{DFD63D41-447E-4984-AA50-A1DF9B22D02A}.Debug|Any CPU.ActiveCfg = Debug|Any CPU
		{DFD63D41-447E-4984-AA50-A1DF9B22D02A}.Debug|Any CPU.Build.0 = Debug|Any CPU
		{DFD63D41-447E-4984-AA50-A1DF9B22D02A}.Release|Any CPU.ActiveCfg = Release|Any CPU
		{DFD63D41-447E-4984-AA50-A1DF9B22D02A}.Release|Any CPU.Build.0 = Release|Any CPU
	EndGlobalSection
	GlobalSection(SolutionProperties) = preSolution
		HideSolutionNode = FALSE
	EndGlobalSection
	GlobalSection(ExtensibilityGlobals) = postSolution
		SolutionGuid = {BE3536EE-1DC7-4B3D-A6F5-35548757DC3B}
	EndGlobalSection
EndGlobal
